{
  "version": 4,
  "terraform_version": "0.12.19",
  "serial": 145,
  "lineage": "7a00d33e-bdff-35ea-5faf-c79116bfecbe",
  "outputs": {},
  "resources": [
    {
      "module": "module.nlu-service",
      "mode": "data",
      "type": "aws_caller_identity",
      "name": "current",
      "provider": "module.nlu-service.provider.aws",
      "instances": [
        {
          "schema_version": 0,
          "attributes": {
            "account_id": "397977497739",
            "arn": "arn:aws:iam::397977497739:user/Rui",
            "id": "2020-01-20 14:47:37.3198607 +0000 UTC",
            "user_id": "AIDAVZKKOWCFR4HPCIDBQ"
          }
        }
      ]
    },
    {
      "module": "module.nlu-service.module.codebuild",
      "mode": "data",
      "type": "aws_caller_identity",
      "name": "default",
      "provider": "module.nlu-service.provider.aws",
      "instances": [
        {
          "schema_version": 0,
          "attributes": {
            "account_id": "397977497739",
            "arn": "arn:aws:iam::397977497739:user/Rui",
            "id": "2020-01-20 14:47:37.3009316 +0000 UTC",
            "user_id": "AIDAVZKKOWCFR4HPCIDBQ"
          }
        }
      ]
    },
    {
      "module": "module.nlu-service",
      "mode": "data",
      "type": "aws_iam_policy_document",
      "name": "build_artifacts_policy",
      "provider": "module.nlu-service.provider.aws",
      "instances": [
        {
          "schema_version": 0,
          "attributes": {
            "id": "688949185",
            "json": "{\n  \"Version\": \"2012-10-17\",\n  \"Statement\": [\n    {\n      \"Sid\": \"\",\n      \"Effect\": \"Allow\",\n      \"Action\": [\n        \"s3:PutObject\",\n        \"s3:GetObjectVersion\",\n        \"s3:GetObject\",\n        \"s3:GetBucketVersioning\"\n      ],\n      \"Resource\": [\n        \"arn:aws:s3:::dev-nlu-service-build-artifacts-397977497739/*\",\n        \"arn:aws:s3:::dev-nlu-service-build-artifacts-397977497739\"\n      ]\n    }\n  ]\n}",
            "override_json": null,
            "policy_id": null,
            "source_json": null,
            "statement": [
              {
                "actions": [
                  "s3:GetBucketVersioning",
                  "s3:GetObject",
                  "s3:GetObjectVersion",
                  "s3:PutObject"
                ],
                "condition": [],
                "effect": "Allow",
                "not_actions": [],
                "not_principals": [],
                "not_resources": [],
                "principals": [],
                "resources": [
                  "arn:aws:s3:::dev-nlu-service-build-artifacts-397977497739",
                  "arn:aws:s3:::dev-nlu-service-build-artifacts-397977497739/*"
                ],
                "sid": ""
              }
            ],
            "version": "2012-10-17"
          }
        }
      ]
    },
    {
      "module": "module.nlu-service",
      "mode": "data",
      "type": "aws_iam_policy_document",
      "name": "codebuild_access_policy",
      "provider": "module.nlu-service.provider.aws",
      "instances": [
        {
          "schema_version": 0,
          "attributes": {
            "id": "3475169731",
            "json": "{\n  \"Version\": \"2012-10-17\",\n  \"Statement\": [\n    {\n      \"Sid\": \"\",\n      \"Effect\": \"Allow\",\n      \"Action\": \"codebuild:*\",\n      \"Resource\": \"arn:aws:codebuild:ap-southeast-2:397977497739:project/nlu-service-dev-codebuild\"\n    }\n  ]\n}",
            "override_json": null,
            "policy_id": null,
            "source_json": null,
            "statement": [
              {
                "actions": [
                  "codebuild:*"
                ],
                "condition": [],
                "effect": "Allow",
                "not_actions": [],
                "not_principals": [],
                "not_resources": [],
                "principals": [],
                "resources": [
                  "arn:aws:codebuild:ap-southeast-2:397977497739:project/nlu-service-dev-codebuild"
                ],
                "sid": ""
              }
            ],
            "version": "2012-10-17"
          }
        }
      ]
    },
    {
      "module": "module.nlu-service",
      "mode": "data",
      "type": "aws_iam_policy_document",
      "name": "codepipeline",
      "provider": "module.nlu-service.provider.aws",
      "instances": [
        {
          "schema_version": 0,
          "attributes": {
            "id": "3806081820",
            "json": "{\n  \"Version\": \"2012-10-17\",\n  \"Statement\": [\n    {\n      \"Sid\": \"\",\n      \"Effect\": \"Allow\",\n      \"Action\": [\n        \"sqs:*\",\n        \"sns:*\",\n        \"rds:*\",\n        \"logs:PutRetentionPolicy\",\n        \"iam:PassRole\",\n        \"elasticloadbalancing:*\",\n        \"elasticbeanstalk:*\",\n        \"ecs:*\",\n        \"ec2:*\",\n        \"cloudwatch:*\",\n        \"cloudformation:*\",\n        \"autoscaling:*\"\n      ],\n      \"Resource\": \"*\"\n    }\n  ]\n}",
            "override_json": null,
            "policy_id": null,
            "source_json": null,
            "statement": [
              {
                "actions": [
                  "autoscaling:*",
                  "cloudformation:*",
                  "cloudwatch:*",
                  "ec2:*",
                  "ecs:*",
                  "elasticbeanstalk:*",
                  "elasticloadbalancing:*",
                  "iam:PassRole",
                  "logs:PutRetentionPolicy",
                  "rds:*",
                  "sns:*",
                  "sqs:*"
                ],
                "condition": [],
                "effect": "Allow",
                "not_actions": [],
                "not_principals": [],
                "not_resources": [],
                "principals": [],
                "resources": [
                  "*"
                ],
                "sid": ""
              }
            ],
            "version": "2012-10-17"
          }
        }
      ]
    },
    {
      "module": "module.nlu-service",
      "mode": "data",
      "type": "aws_iam_policy_document",
      "name": "codepipeline_assume_role",
      "provider": "module.nlu-service.provider.aws",
      "instances": [
        {
          "schema_version": 0,
          "attributes": {
            "id": "382154967",
            "json": "{\n  \"Version\": \"2012-10-17\",\n  \"Statement\": [\n    {\n      \"Sid\": \"\",\n      \"Effect\": \"Allow\",\n      \"Action\": \"sts:AssumeRole\",\n      \"Principal\": {\n        \"Service\": \"codepipeline.amazonaws.com\"\n      }\n    }\n  ]\n}",
            "override_json": null,
            "policy_id": null,
            "source_json": null,
            "statement": [
              {
                "actions": [
                  "sts:AssumeRole"
                ],
                "condition": [],
                "effect": "Allow",
                "not_actions": [],
                "not_principals": [],
                "not_resources": [],
                "principals": [
                  {
                    "identifiers": [
                      "codepipeline.amazonaws.com"
                    ],
                    "type": "Service"
                  }
                ],
                "resources": [],
                "sid": ""
              }
            ],
            "version": "2012-10-17"
          }
        }
      ]
    },
    {
      "module": "module.nlu-service.module.codebuild",
      "mode": "data",
      "type": "aws_iam_policy_document",
      "name": "permissions",
      "provider": "module.nlu-service.provider.aws",
      "instances": [
        {
          "schema_version": 0,
          "attributes": {
            "id": "3556427379",
            "json": "{\n  \"Version\": \"2012-10-17\",\n  \"Statement\": [\n    {\n      \"Sid\": \"\",\n      \"Effect\": \"Allow\",\n      \"Action\": [\n        \"ssm:GetParameters\",\n        \"logs:PutLogEvents\",\n        \"logs:CreateLogStream\",\n        \"logs:CreateLogGroup\",\n        \"iam:PassRole\",\n        \"ecs:RunTask\",\n        \"ecr:UploadLayerPart\",\n        \"ecr:PutImage\",\n        \"ecr:InitiateLayerUpload\",\n        \"ecr:GetAuthorizationToken\",\n        \"ecr:CompleteLayerUpload\",\n        \"ecr:BatchCheckLayerAvailability\"\n      ],\n      \"Resource\": \"*\"\n    }\n  ]\n}",
            "override_json": null,
            "policy_id": null,
            "source_json": null,
            "statement": [
              {
                "actions": [
                  "ecr:BatchCheckLayerAvailability",
                  "ecr:CompleteLayerUpload",
                  "ecr:GetAuthorizationToken",
                  "ecr:InitiateLayerUpload",
                  "ecr:PutImage",
                  "ecr:UploadLayerPart",
                  "ecs:RunTask",
                  "iam:PassRole",
                  "logs:CreateLogGroup",
                  "logs:CreateLogStream",
                  "logs:PutLogEvents",
                  "ssm:GetParameters"
                ],
                "condition": [],
                "effect": "Allow",
                "not_actions": [],
                "not_principals": [],
                "not_resources": [],
                "principals": [],
                "resources": [
                  "*"
                ],
                "sid": ""
              }
            ],
            "version": "2012-10-17"
          }
        }
      ]
    },
    {
      "module": "module.nlu-service.module.codebuild",
      "mode": "data",
      "type": "aws_iam_policy_document",
      "name": "permissions_cache_bucket",
      "each": "list",
      "provider": "module.nlu-service.provider.aws",
      "instances": [
        {
          "index_key": 0,
          "schema_version": 0,
          "attributes": {
            "id": "1165268679",
            "json": "{\n  \"Version\": \"2012-10-17\",\n  \"Statement\": [\n    {\n      \"Sid\": \"\",\n      \"Effect\": \"Allow\",\n      \"Action\": \"s3:*\",\n      \"Resource\": [\n        \"arn:aws:s3:::nlu-service-dev-codebuild-zpcygnwkvzaj/*\",\n        \"arn:aws:s3:::nlu-service-dev-codebuild-zpcygnwkvzaj\"\n      ]\n    }\n  ]\n}",
            "override_json": null,
            "policy_id": null,
            "source_json": null,
            "statement": [
              {
                "actions": [
                  "s3:*"
                ],
                "condition": [],
                "effect": "Allow",
                "not_actions": [],
                "not_principals": [],
                "not_resources": [],
                "principals": [],
                "resources": [
                  "arn:aws:s3:::nlu-service-dev-codebuild-zpcygnwkvzaj",
                  "arn:aws:s3:::nlu-service-dev-codebuild-zpcygnwkvzaj/*"
                ],
                "sid": ""
              }
            ],
            "version": "2012-10-17"
          }
        }
      ]
    },
    {
      "module": "module.nlu-service.module.codebuild",
      "mode": "data",
      "type": "aws_iam_policy_document",
      "name": "role",
      "provider": "module.nlu-service.provider.aws",
      "instances": [
        {
          "schema_version": 0,
          "attributes": {
            "id": "442947395",
            "json": "{\n  \"Version\": \"2012-10-17\",\n  \"Statement\": [\n    {\n      \"Sid\": \"\",\n      \"Effect\": \"Allow\",\n      \"Action\": \"sts:AssumeRole\",\n      \"Principal\": {\n        \"Service\": \"codebuild.amazonaws.com\"\n      }\n    }\n  ]\n}",
            "override_json": null,
            "policy_id": null,
            "source_json": null,
            "statement": [
              {
                "actions": [
                  "sts:AssumeRole"
                ],
                "condition": [],
                "effect": "Allow",
                "not_actions": [],
                "not_principals": [],
                "not_resources": [],
                "principals": [
                  {
                    "identifiers": [
                      "codebuild.amazonaws.com"
                    ],
                    "type": "Service"
                  }
                ],
                "resources": [],
                "sid": ""
              }
            ],
            "version": "2012-10-17"
          }
        }
      ]
    },
    {
      "module": "module.nlu-service.module.codebuild",
      "mode": "data",
      "type": "aws_region",
      "name": "default",
      "provider": "module.nlu-service.provider.aws",
      "instances": [
        {
          "schema_version": 0,
          "attributes": {
            "current": null,
            "description": "Asia Pacific (Sydney)",
            "endpoint": "ec2.ap-southeast-2.amazonaws.com",
            "id": "ap-southeast-2",
            "name": "ap-southeast-2"
          }
        }
      ]
    },
    {
      "module": "module.nlu-service",
      "mode": "data",
      "type": "aws_ssm_parameter",
      "name": "github_token",
      "provider": "module.nlu-service.provider.aws",
      "instances": [
        {
          "schema_version": 0,
          "attributes": {
            "arn": "arn:aws:ssm:ap-southeast-2:397977497739:parameter/codepipeline-github-token",
            "id": "codepipeline-github-token",
            "name": "codepipeline-github-token",
            "type": "String",
            "value": "e5b76572e38da7a0d53b1cdf3e6c10fba58f6bb9",
            "version": 1,
            "with_decryption": true
          }
        }
      ]
    },
    {
      "module": "module.nlu-service.module.codebuild",
      "mode": "managed",
      "type": "aws_codebuild_project",
      "name": "default",
      "each": "list",
      "provider": "module.nlu-service.provider.aws",
      "instances": [
        {
          "index_key": 0,
          "schema_version": 0,
          "attributes": {
            "arn": "arn:aws:codebuild:ap-southeast-2:397977497739:project/nlu-service-dev-codebuild",
            "artifacts": [
              {
                "artifact_identifier": "",
                "encryption_disabled": false,
                "location": "",
                "name": "nlu-service-dev-codebuild",
                "namespace_type": "",
                "override_artifact_name": false,
                "packaging": "NONE",
                "path": "",
                "type": "CODEPIPELINE"
              }
            ],
            "badge_enabled": false,
            "badge_url": "",
            "build_timeout": 60,
            "cache": [
              {
                "location": "nlu-service-dev-codebuild-zpcygnwkvzaj",
                "modes": [],
                "type": "S3"
              }
            ],
            "description": "",
            "encryption_key": "arn:aws:kms:ap-southeast-2:397977497739:alias/aws/s3",
            "environment": [
              {
                "certificate": "",
                "compute_type": "BUILD_GENERAL1_LARGE",
                "environment_variable": [
                  {
                    "name": "AWS_REGION",
                    "type": "PLAINTEXT",
                    "value": "ap-southeast-2"
                  },
                  {
                    "name": "AWS_ACCOUNT_ID",
                    "type": "PLAINTEXT",
                    "value": "397977497739"
                  },
                  {
                    "name": "IMAGE_REPO_NAME",
                    "type": "PLAINTEXT",
                    "value": "dev-nlu-service-images"
                  },
                  {
                    "name": "IMAGE_TAG",
                    "type": "PLAINTEXT",
                    "value": "latest"
                  },
                  {
                    "name": "STAGE",
                    "type": "PLAINTEXT",
                    "value": "dev"
                  },
                  {
                    "name": "GITHUB_TOKEN",
                    "type": "PLAINTEXT",
                    "value": "UNSET"
                  },
                  {
                    "name": "NO_ADDITIONAL_BUILD_VARS",
                    "type": "PLAINTEXT",
                    "value": "TRUE"
                  }
                ],
                "image": "aws/codebuild/standard:2.0",
                "image_pull_credentials_type": "CODEBUILD",
                "privileged_mode": true,
                "registry_credential": [],
                "type": "LINUX_CONTAINER"
              }
            ],
            "id": "arn:aws:codebuild:ap-southeast-2:397977497739:project/nlu-service-dev-codebuild",
            "logs_config": [
              {
                "cloudwatch_logs": [
                  {
                    "group_name": "",
                    "status": "ENABLED",
                    "stream_name": ""
                  }
                ],
                "s3_logs": [
                  {
                    "encryption_disabled": false,
                    "location": "",
                    "status": "DISABLED"
                  }
                ]
              }
            ],
            "name": "nlu-service-dev-codebuild",
            "queued_timeout": 480,
            "secondary_artifacts": [],
            "secondary_sources": [],
            "service_role": "arn:aws:iam::397977497739:role/nlu-service-dev-codebuild",
            "source": [
              {
                "auth": [],
                "buildspec": "",
                "git_clone_depth": 0,
                "insecure_ssl": false,
                "location": "",
                "report_build_status": false,
                "type": "CODEPIPELINE"
              }
            ],
            "tags": {
              "Name": "nlu-service-dev-codebuild",
              "Namespace": "nlu-service",
              "Stage": "dev"
            },
            "vpc_config": []
          },
          "private": "bnVsbA==",
          "dependencies": [
            "module.nlu-service.aws_ecr_repository.images_repo",
            "module.nlu-service.module.codebuild.aws_iam_role.default",
            "module.nlu-service.module.codebuild.aws_s3_bucket.cache_bucket"
          ]
        }
      ]
    },
    {
      "module": "module.nlu-service",
      "mode": "managed",
      "type": "aws_codepipeline",
      "name": "codepipeline",
      "provider": "module.nlu-service.provider.aws",
      "instances": [
        {
          "schema_version": 0,
          "attributes": {
            "arn": "arn:aws:codepipeline:ap-southeast-2:397977497739:dev-nlu-service-codepipeline",
            "artifact_store": [
              {
                "encryption_key": [],
                "location": "dev-nlu-service-build-artifacts-397977497739",
                "type": "S3"
              }
            ],
            "id": "dev-nlu-service-codepipeline",
            "name": "dev-nlu-service-codepipeline",
            "role_arn": "arn:aws:iam::397977497739:role/dev-nlu-service-codepipeline",
            "stage": [
              {
                "action": [
                  {
                    "category": "Source",
                    "configuration": {
                      "Branch": "develop",
                      "Owner": "pingai-github",
                      "PollForSourceChanges": "true",
                      "Repo": "nlu-service"
                    },
                    "input_artifacts": [],
                    "name": "Source",
                    "output_artifacts": [
                      "code"
                    ],
                    "owner": "ThirdParty",
                    "provider": "GitHub",
                    "role_arn": "",
                    "run_order": 1,
                    "version": "1"
                  }
                ],
                "name": "Source"
              },
              {
                "action": [
                  {
                    "category": "Build",
                    "configuration": {
                      "ProjectName": "nlu-service-dev-codebuild"
                    },
                    "input_artifacts": [
                      "code"
                    ],
                    "name": "Build",
                    "output_artifacts": [
                      "package"
                    ],
                    "owner": "AWS",
                    "provider": "CodeBuild",
                    "role_arn": "",
                    "run_order": 1,
                    "version": "1"
                  }
                ],
                "name": "Build"
              }
            ],
            "tags": {}
          },
          "private": "bnVsbA==",
          "dependencies": [
            "module.nlu-service.aws_iam_role.codepipeline",
            "module.nlu-service.aws_s3_bucket.build_artifacts",
            "module.nlu-service.module.codebuild.aws_codebuild_project.default"
          ]
        }
      ]
    },
    {
      "module": "module.nlu-service",
      "mode": "managed",
      "type": "aws_ecr_repository",
      "name": "images_repo",
      "provider": "module.nlu-service.provider.aws",
      "instances": [
        {
          "schema_version": 0,
          "attributes": {
            "arn": "arn:aws:ecr:ap-southeast-2:397977497739:repository/dev-nlu-service-images",
            "id": "dev-nlu-service-images",
            "image_scanning_configuration": [
              {
                "scan_on_push": false
              }
            ],
            "image_tag_mutability": "MUTABLE",
            "name": "dev-nlu-service-images",
            "registry_id": "397977497739",
            "repository_url": "397977497739.dkr.ecr.ap-southeast-2.amazonaws.com/dev-nlu-service-images",
            "tags": {},
            "timeouts": null
          },
          "private": "eyJlMmJmYjczMC1lY2FhLTExZTYtOGY4OC0zNDM2M2JjN2M0YzAiOnsiZGVsZXRlIjoxMjAwMDAwMDAwMDAwfX0="
        }
      ]
    },
    {
      "module": "module.nlu-service",
      "mode": "managed",
      "type": "aws_iam_policy",
      "name": "build_artifacts_policy",
      "provider": "module.nlu-service.provider.aws",
      "instances": [
        {
          "schema_version": 0,
          "attributes": {
            "arn": "arn:aws:iam::397977497739:policy/dev-nlu-service-build-artifacts-policy",
            "description": "",
            "id": "arn:aws:iam::397977497739:policy/dev-nlu-service-build-artifacts-policy",
            "name": "dev-nlu-service-build-artifacts-policy",
            "name_prefix": null,
            "path": "/",
            "policy": "{\n  \"Version\": \"2012-10-17\",\n  \"Statement\": [\n    {\n      \"Sid\": \"\",\n      \"Effect\": \"Allow\",\n      \"Action\": [\n        \"s3:PutObject\",\n        \"s3:GetObjectVersion\",\n        \"s3:GetObject\",\n        \"s3:GetBucketVersioning\"\n      ],\n      \"Resource\": [\n        \"arn:aws:s3:::dev-nlu-service-build-artifacts-397977497739/*\",\n        \"arn:aws:s3:::dev-nlu-service-build-artifacts-397977497739\"\n      ]\n    }\n  ]\n}"
          },
          "private": "bnVsbA==",
          "dependencies": [
            "module.nlu-service.aws_s3_bucket.build_artifacts"
          ]
        }
      ]
    },
    {
      "module": "module.nlu-service",
      "mode": "managed",
      "type": "aws_iam_policy",
      "name": "codebuild_access_policy",
      "provider": "module.nlu-service.provider.aws",
      "instances": [
        {
          "schema_version": 0,
          "attributes": {
            "arn": "arn:aws:iam::397977497739:policy/dev-nlu-service-codebuild-access-policy",
            "description": "",
            "id": "arn:aws:iam::397977497739:policy/dev-nlu-service-codebuild-access-policy",
            "name": "dev-nlu-service-codebuild-access-policy",
            "name_prefix": null,
            "path": "/",
            "policy": "{\n  \"Version\": \"2012-10-17\",\n  \"Statement\": [\n    {\n      \"Sid\": \"\",\n      \"Effect\": \"Allow\",\n      \"Action\": \"codebuild:*\",\n      \"Resource\": \"arn:aws:codebuild:ap-southeast-2:397977497739:project/nlu-service-dev-codebuild\"\n    }\n  ]\n}"
          },
          "private": "bnVsbA=="
        }
      ]
    },
    {
      "module": "module.nlu-service",
      "mode": "managed",
      "type": "aws_iam_policy",
      "name": "codepipeline_policy",
      "provider": "module.nlu-service.provider.aws",
      "instances": [
        {
          "schema_version": 0,
          "attributes": {
            "arn": "arn:aws:iam::397977497739:policy/dev-nlu-service-codepipeline-policy",
            "description": "",
            "id": "arn:aws:iam::397977497739:policy/dev-nlu-service-codepipeline-policy",
            "name": "dev-nlu-service-codepipeline-policy",
            "name_prefix": null,
            "path": "/",
            "policy": "{\n  \"Version\": \"2012-10-17\",\n  \"Statement\": [\n    {\n      \"Sid\": \"\",\n      \"Effect\": \"Allow\",\n      \"Action\": [\n        \"sqs:*\",\n        \"sns:*\",\n        \"rds:*\",\n        \"logs:PutRetentionPolicy\",\n        \"iam:PassRole\",\n        \"elasticloadbalancing:*\",\n        \"elasticbeanstalk:*\",\n        \"ecs:*\",\n        \"ec2:*\",\n        \"cloudwatch:*\",\n        \"cloudformation:*\",\n        \"autoscaling:*\"\n      ],\n      \"Resource\": \"*\"\n    }\n  ]\n}"
          },
          "private": "bnVsbA=="
        }
      ]
    },
    {
      "module": "module.nlu-service.module.codebuild",
      "mode": "managed",
      "type": "aws_iam_policy",
      "name": "default",
      "each": "list",
      "provider": "module.nlu-service.provider.aws",
      "instances": [
        {
          "index_key": 0,
          "schema_version": 0,
          "attributes": {
            "arn": "arn:aws:iam::397977497739:policy/service-role/nlu-service-dev-codebuild",
            "description": "",
            "id": "arn:aws:iam::397977497739:policy/service-role/nlu-service-dev-codebuild",
            "name": "nlu-service-dev-codebuild",
            "name_prefix": null,
            "path": "/service-role/",
            "policy": "{\n  \"Version\": \"2012-10-17\",\n  \"Statement\": [\n    {\n      \"Sid\": \"\",\n      \"Effect\": \"Allow\",\n      \"Action\": [\n        \"ssm:GetParameters\",\n        \"logs:PutLogEvents\",\n        \"logs:CreateLogStream\",\n        \"logs:CreateLogGroup\",\n        \"iam:PassRole\",\n        \"ecs:RunTask\",\n        \"ecr:UploadLayerPart\",\n        \"ecr:PutImage\",\n        \"ecr:InitiateLayerUpload\",\n        \"ecr:GetAuthorizationToken\",\n        \"ecr:CompleteLayerUpload\",\n        \"ecr:BatchCheckLayerAvailability\"\n      ],\n      \"Resource\": \"*\"\n    }\n  ]\n}"
          },
          "private": "bnVsbA=="
        }
      ]
    },
    {
      "module": "module.nlu-service.module.codebuild",
      "mode": "managed",
      "type": "aws_iam_policy",
      "name": "default_cache_bucket",
      "each": "list",
      "provider": "module.nlu-service.provider.aws",
      "instances": [
        {
          "index_key": 0,
          "schema_version": 0,
          "attributes": {
            "arn": "arn:aws:iam::397977497739:policy/service-role/nlu-service-dev-codebuild-cache-bucket",
            "description": "",
            "id": "arn:aws:iam::397977497739:policy/service-role/nlu-service-dev-codebuild-cache-bucket",
            "name": "nlu-service-dev-codebuild-cache-bucket",
            "name_prefix": null,
            "path": "/service-role/",
            "policy": "{\n  \"Version\": \"2012-10-17\",\n  \"Statement\": [\n    {\n      \"Sid\": \"\",\n      \"Effect\": \"Allow\",\n      \"Action\": \"s3:*\",\n      \"Resource\": [\n        \"arn:aws:s3:::nlu-service-dev-codebuild-zpcygnwkvzaj/*\",\n        \"arn:aws:s3:::nlu-service-dev-codebuild-zpcygnwkvzaj\"\n      ]\n    }\n  ]\n}"
          },
          "private": "bnVsbA==",
          "dependencies": [
            "module.nlu-service.module.codebuild.aws_s3_bucket.cache_bucket",
            "module.nlu-service.module.codebuild.random_string.bucket_prefix"
          ]
        }
      ]
    },
    {
      "module": "module.nlu-service",
      "mode": "managed",
      "type": "aws_iam_role",
      "name": "codepipeline",
      "provider": "module.nlu-service.provider.aws",
      "instances": [
        {
          "schema_version": 0,
          "attributes": {
            "arn": "arn:aws:iam::397977497739:role/dev-nlu-service-codepipeline",
            "assume_role_policy": "{\"Version\":\"2012-10-17\",\"Statement\":[{\"Sid\":\"\",\"Effect\":\"Allow\",\"Principal\":{\"Service\":\"codepipeline.amazonaws.com\"},\"Action\":\"sts:AssumeRole\"}]}",
            "create_date": "2020-01-20T14:35:02Z",
            "description": "",
            "force_detach_policies": false,
            "id": "dev-nlu-service-codepipeline",
            "max_session_duration": 3600,
            "name": "dev-nlu-service-codepipeline",
            "name_prefix": null,
            "path": "/",
            "permissions_boundary": null,
            "tags": {},
            "unique_id": "AROAVZKKOWCFSHRMPOIRU"
          },
          "private": "bnVsbA=="
        }
      ]
    },
    {
      "module": "module.nlu-service.module.codebuild",
      "mode": "managed",
      "type": "aws_iam_role",
      "name": "default",
      "each": "list",
      "provider": "module.nlu-service.provider.aws",
      "instances": [
        {
          "index_key": 0,
          "schema_version": 0,
          "attributes": {
            "arn": "arn:aws:iam::397977497739:role/nlu-service-dev-codebuild",
            "assume_role_policy": "{\"Version\":\"2012-10-17\",\"Statement\":[{\"Sid\":\"\",\"Effect\":\"Allow\",\"Principal\":{\"Service\":\"codebuild.amazonaws.com\"},\"Action\":\"sts:AssumeRole\"}]}",
            "create_date": "2020-01-20T10:39:43Z",
            "description": "",
            "force_detach_policies": false,
            "id": "nlu-service-dev-codebuild",
            "max_session_duration": 3600,
            "name": "nlu-service-dev-codebuild",
            "name_prefix": null,
            "path": "/",
            "permissions_boundary": null,
            "tags": {},
            "unique_id": "AROAVZKKOWCFSLEZNKYGF"
          },
          "private": "bnVsbA=="
        }
      ]
    },
    {
      "module": "module.nlu-service",
      "mode": "managed",
      "type": "aws_iam_role_policy_attachment",
      "name": "codebuild_access",
      "provider": "module.nlu-service.provider.aws",
      "instances": []
    },
    {
      "module": "module.nlu-service",
      "mode": "managed",
      "type": "aws_iam_role_policy_attachment",
      "name": "codebuild_build_artifacts_access",
      "provider": "module.nlu-service.provider.aws",
      "instances": [
        {
          "schema_version": 0,
          "attributes": {
            "id": "nlu-service-dev-codebuild-20200120105323820600000001",
            "policy_arn": "arn:aws:iam::397977497739:policy/dev-nlu-service-build-artifacts-policy",
            "role": "nlu-service-dev-codebuild"
          },
          "private": "bnVsbA==",
          "dependencies": [
            "module.nlu-service.aws_iam_policy.build_artifacts_policy",
            "module.nlu-service.aws_s3_bucket.build_artifacts",
            "module.nlu-service.module.codebuild.aws_iam_role.default"
          ]
        }
      ]
    },
    {
      "module": "module.nlu-service",
      "mode": "managed",
      "type": "aws_iam_role_policy_attachment",
      "name": "codepipeline_build_artifacts_access",
      "provider": "module.nlu-service.provider.aws",
      "instances": [
        {
          "schema_version": 0,
          "attributes": {
            "id": "dev-nlu-service-codepipeline-20200120144752920900000001",
            "policy_arn": "arn:aws:iam::397977497739:policy/dev-nlu-service-build-artifacts-policy",
            "role": "dev-nlu-service-codepipeline"
          },
          "private": "bnVsbA==",
          "dependencies": [
            "module.nlu-service.aws_iam_policy.build_artifacts_policy",
            "module.nlu-service.aws_iam_role.codepipeline"
          ]
        }
      ]
    },
    {
      "module": "module.nlu-service",
      "mode": "managed",
      "type": "aws_iam_role_policy_attachment",
      "name": "codepipeline_codebuild_access",
      "provider": "module.nlu-service.provider.aws",
      "instances": [
        {
          "schema_version": 0,
          "attributes": {
            "id": "dev-nlu-service-codepipeline-20200120144756181900000003",
            "policy_arn": "arn:aws:iam::397977497739:policy/dev-nlu-service-codebuild-access-policy",
            "role": "dev-nlu-service-codepipeline"
          },
          "private": "bnVsbA==",
          "dependencies": [
            "module.nlu-service.aws_iam_policy.codebuild_access_policy",
            "module.nlu-service.aws_iam_role.codepipeline"
          ]
        }
      ]
    },
    {
      "module": "module.nlu-service",
      "mode": "managed",
      "type": "aws_iam_role_policy_attachment",
      "name": "codepipeline_policy",
      "provider": "module.nlu-service.provider.aws",
      "instances": [
        {
          "schema_version": 0,
          "attributes": {
            "id": "dev-nlu-service-codepipeline-20200120144756175700000002",
            "policy_arn": "arn:aws:iam::397977497739:policy/dev-nlu-service-codepipeline-policy",
            "role": "dev-nlu-service-codepipeline"
          },
          "private": "bnVsbA==",
          "dependencies": [
            "module.nlu-service.aws_iam_policy.codepipeline_policy",
            "module.nlu-service.aws_iam_role.codepipeline"
          ]
        }
      ]
    },
    {
      "module": "module.nlu-service.module.codebuild",
      "mode": "managed",
      "type": "aws_iam_role_policy_attachment",
      "name": "default",
      "each": "list",
      "provider": "module.nlu-service.provider.aws",
      "instances": [
        {
          "index_key": 0,
          "schema_version": 0,
          "attributes": {
            "id": "nlu-service-dev-codebuild-20200120103950268200000001",
            "policy_arn": "arn:aws:iam::397977497739:policy/service-role/nlu-service-dev-codebuild",
            "role": "nlu-service-dev-codebuild"
          },
          "private": "bnVsbA==",
          "dependencies": [
            "module.nlu-service.module.codebuild.aws_iam_policy.default",
            "module.nlu-service.module.codebuild.aws_iam_role.default"
          ]
        }
      ]
    },
    {
      "module": "module.nlu-service.module.codebuild",
      "mode": "managed",
      "type": "aws_iam_role_policy_attachment",
      "name": "default_cache_bucket",
      "each": "list",
      "provider": "module.nlu-service.provider.aws",
      "instances": [
        {
          "index_key": 0,
          "schema_version": 0,
          "attributes": {
            "id": "nlu-service-dev-codebuild-20200120103953000000000002",
            "policy_arn": "arn:aws:iam::397977497739:policy/service-role/nlu-service-dev-codebuild-cache-bucket",
            "role": "nlu-service-dev-codebuild"
          },
          "private": "bnVsbA==",
          "dependencies": [
            "module.nlu-service.module.codebuild.aws_iam_policy.default_cache_bucket",
            "module.nlu-service.module.codebuild.aws_iam_role.default"
          ]
        }
      ]
    },
    {
      "module": "module.nlu-service",
      "mode": "managed",
      "type": "aws_s3_bucket",
      "name": "build_artifacts",
      "provider": "module.nlu-service.provider.aws",
      "instances": [
        {
          "schema_version": 0,
          "attributes": {
            "acceleration_status": "",
            "acl": "private",
            "arn": "arn:aws:s3:::dev-nlu-service-build-artifacts-397977497739",
            "bucket": "dev-nlu-service-build-artifacts-397977497739",
            "bucket_domain_name": "dev-nlu-service-build-artifacts-397977497739.s3.amazonaws.com",
            "bucket_prefix": null,
            "bucket_regional_domain_name": "dev-nlu-service-build-artifacts-397977497739.s3.ap-southeast-2.amazonaws.com",
            "cors_rule": [],
            "force_destroy": false,
            "hosted_zone_id": "Z1WCIGYICN2BYD",
            "id": "dev-nlu-service-build-artifacts-397977497739",
            "lifecycle_rule": [],
            "logging": [],
            "object_lock_configuration": [],
            "policy": null,
            "region": "ap-southeast-2",
            "replication_configuration": [],
            "request_payer": "BucketOwner",
            "server_side_encryption_configuration": [],
            "tags": {
              "Environment": "dev",
              "Name": "dev-nlu-service-build-artifacts"
            },
            "versioning": [
              {
                "enabled": false,
                "mfa_delete": false
              }
            ],
            "website": [],
            "website_domain": null,
            "website_endpoint": null
          },
          "private": "bnVsbA=="
        }
      ]
    },
    {
      "module": "module.nlu-service.module.codebuild",
      "mode": "managed",
      "type": "aws_s3_bucket",
      "name": "cache_bucket",
      "each": "list",
      "provider": "module.nlu-service.provider.aws",
      "instances": [
        {
          "index_key": 0,
          "schema_version": 0,
          "attributes": {
            "acceleration_status": "",
            "acl": "private",
            "arn": "arn:aws:s3:::nlu-service-dev-codebuild-zpcygnwkvzaj",
            "bucket": "nlu-service-dev-codebuild-zpcygnwkvzaj",
            "bucket_domain_name": "nlu-service-dev-codebuild-zpcygnwkvzaj.s3.amazonaws.com",
            "bucket_prefix": null,
            "bucket_regional_domain_name": "nlu-service-dev-codebuild-zpcygnwkvzaj.s3.ap-southeast-2.amazonaws.com",
            "cors_rule": [],
            "force_destroy": true,
            "hosted_zone_id": "Z1WCIGYICN2BYD",
            "id": "nlu-service-dev-codebuild-zpcygnwkvzaj",
            "lifecycle_rule": [
              {
                "abort_incomplete_multipart_upload_days": 0,
                "enabled": true,
                "expiration": [
                  {
                    "date": "",
                    "days": 7,
                    "expired_object_delete_marker": false
                  }
                ],
                "id": "codebuildcache",
                "noncurrent_version_expiration": [],
                "noncurrent_version_transition": [],
                "prefix": "/",
                "tags": {
                  "Name": "nlu-service-dev-codebuild",
                  "Namespace": "nlu-service",
                  "Stage": "dev"
                },
                "transition": []
              }
            ],
            "logging": [],
            "object_lock_configuration": [],
            "policy": null,
            "region": "ap-southeast-2",
            "replication_configuration": [],
            "request_payer": "BucketOwner",
            "server_side_encryption_configuration": [],
            "tags": {
              "Name": "nlu-service-dev-codebuild",
              "Namespace": "nlu-service",
              "Stage": "dev"
            },
            "versioning": [
              {
                "enabled": false,
                "mfa_delete": false
              }
            ],
            "website": [],
            "website_domain": null,
            "website_endpoint": null
          },
          "private": "bnVsbA==",
          "dependencies": [
            "module.nlu-service.module.codebuild.random_string.bucket_prefix"
          ]
        }
      ]
    },
    {
      "module": "module.nlu-service.module.codebuild",
      "mode": "managed",
      "type": "random_string",
      "name": "bucket_prefix",
      "each": "list",
      "provider": "provider.random",
      "instances": [
        {
          "index_key": 0,
          "schema_version": 1,
          "attributes": {
            "id": "zpcygnwkvzaj",
            "keepers": null,
            "length": 12,
            "lower": true,
            "min_lower": 0,
            "min_numeric": 0,
            "min_special": 0,
            "min_upper": 0,
            "number": false,
            "override_special": null,
            "result": "zpcygnwkvzaj",
            "special": false,
            "upper": false
          },
          "private": "eyJzY2hlbWFfdmVyc2lvbiI6IjEifQ=="
        }
      ]
    }
  ]
}
